
Microsoft Visual Studio Solution File, Format Version 12.00
# Visual Studio Version 17
VisualStudioVersion = 17.0.31903.59
MinimumVisualStudioVersion = 10.0.40219.1
Project("{2150E333-8FDC-42A3-9474-1A3956D46DE8}") = "src", "src", "{827E0CD3-B72D-47B6-A68D-7590B98EB39B}"
EndProject
Project("{2150E333-8FDC-42A3-9474-1A3956D46DE8}") = "tests", "tests", "{0AB3BF05-4346-4AA6-1389-037BE0695223}"
EndProject
Project("{FAE04EC0-301F-11D3-BF4B-00C04F79EFBC}") = "Fiap.CloudGames.Worker", "src\Fiap.CloudGames.Worker\Fiap.CloudGames.Worker.csproj", "{E93D762F-848E-4A02-B48D-8A37459739C0}"
EndProject
Project("{FAE04EC0-301F-11D3-BF4B-00C04F79EFBC}") = "Fiap.CloudGames.Application", "src\Fiap.CloudGames.Application\Fiap.CloudGames.Application.csproj", "{E7881BB1-E24D-4E16-B87D-3B42473549F5}"
EndProject
Project("{FAE04EC0-301F-11D3-BF4B-00C04F79EFBC}") = "Fiap.CloudGames.Domain", "src\Fiap.CloudGames.Domain\Fiap.CloudGames.Domain.csproj", "{70C88D8A-D4C6-4C77-8E19-369B2E46D3FE}"
EndProject
Project("{FAE04EC0-301F-11D3-BF4B-00C04F79EFBC}") = "Fiap.CloudGames.Infrastructure", "src\Fiap.CloudGames.Infrastructure\Fiap.CloudGames.Infrastructure.csproj", "{48DA201A-90B2-4ABB-88E5-3D7D3F89783D}"
EndProject
Project("{FAE04EC0-301F-11D3-BF4B-00C04F79EFBC}") = "Fiap.CloudGames.Tests", "tests\Fiap.CloudGames.Tests\Fiap.CloudGames.Tests.csproj", "{4735E549-1BD2-4B13-B82F-618407B36624}"
EndProject
Global
	GlobalSection(SolutionConfigurationPlatforms) = preSolution
		Debug|Any CPU = Debug|Any CPU
		Release|Any CPU = Release|Any CPU
	EndGlobalSection
	GlobalSection(SolutionProperties) = preSolution
		HideSolutionNode = FALSE
	EndGlobalSection
	GlobalSection(ProjectConfigurationPlatforms) = postSolution
		{E93D762F-848E-4A02-B48D-8A37459739C0}.Debug|Any CPU.ActiveCfg = Debug|Any CPU
		{E93D762F-848E-4A02-B48D-8A37459739C0}.Debug|Any CPU.Build.0 = Debug|Any CPU
		{E93D762F-848E-4A02-B48D-8A37459739C0}.Release|Any CPU.ActiveCfg = Release|Any CPU
		{E93D762F-848E-4A02-B48D-8A37459739C0}.Release|Any CPU.Build.0 = Release|Any CPU
		{E7881BB1-E24D-4E16-B87D-3B42473549F5}.Debug|Any CPU.ActiveCfg = Debug|Any CPU
		{E7881BB1-E24D-4E16-B87D-3B42473549F5}.Debug|Any CPU.Build.0 = Debug|Any CPU
		{E7881BB1-E24D-4E16-B87D-3B42473549F5}.Release|Any CPU.ActiveCfg = Release|Any CPU
		{E7881BB1-E24D-4E16-B87D-3B42473549F5}.Release|Any CPU.Build.0 = Release|Any CPU
		{70C88D8A-D4C6-4C77-8E19-369B2E46D3FE}.Debug|Any CPU.ActiveCfg = Debug|Any CPU
		{70C88D8A-D4C6-4C77-8E19-369B2E46D3FE}.Debug|Any CPU.Build.0 = Debug|Any CPU
		{70C88D8A-D4C6-4C77-8E19-369B2E46D3FE}.Release|Any CPU.ActiveCfg = Release|Any CPU
		{70C88D8A-D4C6-4C77-8E19-369B2E46D3FE}.Release|Any CPU.Build.0 = Release|Any CPU
		{48DA201A-90B2-4ABB-88E5-3D7D3F89783D}.Debug|Any CPU.ActiveCfg = Debug|Any CPU
		{48DA201A-90B2-4ABB-88E5-3D7D3F89783D}.Debug|Any CPU.Build.0 = Debug|Any CPU
		{48DA201A-90B2-4ABB-88E5-3D7D3F89783D}.Release|Any CPU.ActiveCfg = Release|Any CPU
		{48DA201A-90B2-4ABB-88E5-3D7D3F89783D}.Release|Any CPU.Build.0 = Release|Any CPU
		{4735E549-1BD2-4B13-B82F-618407B36624}.Debug|Any CPU.ActiveCfg = Debug|Any CPU
		{4735E549-1BD2-4B13-B82F-618407B36624}.Debug|Any CPU.Build.0 = Debug|Any CPU
		{4735E549-1BD2-4B13-B82F-618407B36624}.Release|Any CPU.ActiveCfg = Release|Any CPU
		{4735E549-1BD2-4B13-B82F-618407B36624}.Release|Any CPU.Build.0 = Release|Any CPU
	EndGlobalSection
	GlobalSection(NestedProjects) = preSolution
		{E93D762F-848E-4A02-B48D-8A37459739C0} = {827E0CD3-B72D-47B6-A68D-7590B98EB39B}
		{E7881BB1-E24D-4E16-B87D-3B42473549F5} = {827E0CD3-B72D-47B6-A68D-7590B98EB39B}
		{70C88D8A-D4C6-4C77-8E19-369B2E46D3FE} = {827E0CD3-B72D-47B6-A68D-7590B98EB39B}
		{48DA201A-90B2-4ABB-88E5-3D7D3F89783D} = {827E0CD3-B72D-47B6-A68D-7590B98EB39B}
		{4735E549-1BD2-4B13-B82F-618407B36624} = {0AB3BF05-4346-4AA6-1389-037BE0695223}
	EndGlobalSection
EndGlobal
